
Microsoft Visual Studio Solution File, Format Version 12.00
# Visual Studio Version 16
VisualStudioVersion = 25.0.1705.0
MinimumVisualStudioVersion = 10.0.40219.1
Project("{FAE04EC0-301F-11D3-BF4B-00C04F79EFBC}") = "FoodScrape", "FoodScrape\FoodScrape.csproj", "{EEDEE991-6BFB-404A-A18D-91450132155D}"
EndProject
Project("{2150E333-8FDC-42A3-9474-1A3956D46DE8}") = "Solution Items", "Solution Items", "{78014B7A-B53F-4720-9646-A9B0A7434EEA}"
EndProject
Global
	GlobalSection(SolutionConfigurationPlatforms) = preSolution
		Debug|Any CPU = Debug|Any CPU
		Release|Any CPU = Release|Any CPU
	EndGlobalSection
	GlobalSection(ProjectConfigurationPlatforms) = postSolution
		{EEDEE991-6BFB-404A-A18D-91450132155D}.Debug|Any CPU.ActiveCfg = Debug|Any CPU
		{EEDEE991-6BFB-404A-A18D-91450132155D}.Debug|Any CPU.Build.0 = Debug|Any CPU
		{EEDEE991-6BFB-404A-A18D-91450132155D}.Release|Any CPU.ActiveCfg = Release|Any CPU
		{EEDEE991-6BFB-404A-A18D-91450132155D}.Release|Any CPU.Build.0 = Release|Any CPU
	EndGlobalSection
	GlobalSection(SolutionProperties) = preSolution
		HideSolutionNode = FALSE
	EndGlobalSection
	GlobalSection(ExtensibilityGlobals) = postSolution
		SolutionGuid = {DE6E85C0-96FA-4187-9293-EFA665C019C8}
	EndGlobalSection
EndGlobal
